
Microsoft Visual Studio Solution File, Format Version 12.00
# Visual Studio Version 17
VisualStudioVersion = 17.7.34221.43
MinimumVisualStudioVersion = 10.0.40219.1
Project("{FAE04EC0-301F-11D3-BF4B-00C04F79EFBC}") = "CLMetier", "CLMetier\CLMetier.csproj", "{E5F957C7-71EE-4D85-83E7-E702F083939B}"
EndProject
Project("{FAE04EC0-301F-11D3-BF4B-00C04F79EFBC}") = "FControlLesMiens", "FControlLesMiens\FControlLesMiens.csproj", "{8212A061-9928-44BB-AFD6-3DC441E3D42B}"
EndProject
Project("{FAE04EC0-301F-11D3-BF4B-00C04F79EFBC}") = "WindowsFormsAppTestUserControl", "WindowsFormsAppTestUserControl\WindowsFormsAppTestUserControl.csproj", "{70D7D6BA-0AA9-45B3-A522-9569606D992F}"
EndProject
Project("{FAE04EC0-301F-11D3-BF4B-00C04F79EFBC}") = "ConsoleAppDixEuros", "ConsoleAppDixEuros\ConsoleAppDixEuros.csproj", "{EFA69A52-1F0C-460B-9F78-4FAF88ABC427}"
EndProject
Project("{2150E333-8FDC-42A3-9474-1A3956D46DE8}") = "DixEuros-CreationDunEvenement", "DixEuros-CreationDunEvenement", "{39BE12DD-2315-4EB6-A0C5-601D054CC515}"
EndProject
Project("{2150E333-8FDC-42A3-9474-1A3956D46DE8}") = "CreationUserControlETEvenementGraphique", "CreationUserControlETEvenementGraphique", "{71F0FDFB-8C12-4068-8F6E-9BCF9C5A2C9A}"
EndProject
Global
	GlobalSection(SolutionConfigurationPlatforms) = preSolution
		Debug|Any CPU = Debug|Any CPU
		Release|Any CPU = Release|Any CPU
	EndGlobalSection
	GlobalSection(ProjectConfigurationPlatforms) = postSolution
		{E5F957C7-71EE-4D85-83E7-E702F083939B}.Debug|Any CPU.ActiveCfg = Debug|Any CPU
		{E5F957C7-71EE-4D85-83E7-E702F083939B}.Debug|Any CPU.Build.0 = Debug|Any CPU
		{E5F957C7-71EE-4D85-83E7-E702F083939B}.Release|Any CPU.ActiveCfg = Release|Any CPU
		{E5F957C7-71EE-4D85-83E7-E702F083939B}.Release|Any CPU.Build.0 = Release|Any CPU
		{8212A061-9928-44BB-AFD6-3DC441E3D42B}.Debug|Any CPU.ActiveCfg = Debug|Any CPU
		{8212A061-9928-44BB-AFD6-3DC441E3D42B}.Debug|Any CPU.Build.0 = Debug|Any CPU
		{8212A061-9928-44BB-AFD6-3DC441E3D42B}.Release|Any CPU.ActiveCfg = Release|Any CPU
		{8212A061-9928-44BB-AFD6-3DC441E3D42B}.Release|Any CPU.Build.0 = Release|Any CPU
		{70D7D6BA-0AA9-45B3-A522-9569606D992F}.Debug|Any CPU.ActiveCfg = Debug|Any CPU
		{70D7D6BA-0AA9-45B3-A522-9569606D992F}.Debug|Any CPU.Build.0 = Debug|Any CPU
		{70D7D6BA-0AA9-45B3-A522-9569606D992F}.Release|Any CPU.ActiveCfg = Release|Any CPU
		{70D7D6BA-0AA9-45B3-A522-9569606D992F}.Release|Any CPU.Build.0 = Release|Any CPU
		{EFA69A52-1F0C-460B-9F78-4FAF88ABC427}.Debug|Any CPU.ActiveCfg = Debug|Any CPU
		{EFA69A52-1F0C-460B-9F78-4FAF88ABC427}.Debug|Any CPU.Build.0 = Debug|Any CPU
		{EFA69A52-1F0C-460B-9F78-4FAF88ABC427}.Release|Any CPU.ActiveCfg = Release|Any CPU
		{EFA69A52-1F0C-460B-9F78-4FAF88ABC427}.Release|Any CPU.Build.0 = Release|Any CPU
	EndGlobalSection
	GlobalSection(SolutionProperties) = preSolution
		HideSolutionNode = FALSE
	EndGlobalSection
	GlobalSection(NestedProjects) = preSolution
		{E5F957C7-71EE-4D85-83E7-E702F083939B} = {39BE12DD-2315-4EB6-A0C5-601D054CC515}
		{8212A061-9928-44BB-AFD6-3DC441E3D42B} = {71F0FDFB-8C12-4068-8F6E-9BCF9C5A2C9A}
		{70D7D6BA-0AA9-45B3-A522-9569606D992F} = {71F0FDFB-8C12-4068-8F6E-9BCF9C5A2C9A}
		{EFA69A52-1F0C-460B-9F78-4FAF88ABC427} = {39BE12DD-2315-4EB6-A0C5-601D054CC515}
	EndGlobalSection
	GlobalSection(ExtensibilityGlobals) = postSolution
		SolutionGuid = {1197041E-F9D2-4B06-ABDB-C2D56CB1E601}
	EndGlobalSection
EndGlobal
